{
  "version": 4,
  "terraform_version": "1.5.7",
  "serial": 130,
  "lineage": "f2a0f0dd-219b-bdb1-8c84-eaba50d8af31",
  "outputs": {},
  "resources": [
    {
      "module": "module.configmap",
      "mode": "managed",
      "type": "kubernetes_config_map",
      "name": "server-config",
      "provider": "provider[\"registry.terraform.io/hashicorp/kubernetes\"]",
      "instances": [
        {
          "schema_version": 0,
          "attributes": {
            "binary_data": null,
            "data": {
              "config.yaml": "general:\n  ports:\n    ldap:  9389\n    ldaps: 9636\n  id: sds1\n  license:\n    key: \"R2VuZXJpYzotMToxOjCCAacGCSqGSIb3DQEHAqCCAZgwggGUAgEBMQ8wDQYJYIZIAWUDBAIBBQAwGwYJKoZIhvcNAQcBoA4EDEdlbmVyaWM6LTE6MaAAMYIBXTCCAVkCAQEwSDA8MQswCQYDVQQGEwJ1czEMMAoGA1UEChMDaWJtMQ0wCwYDVQQLEwRpc3ZhMRAwDgYDVQQDEwdzaWduaW5nAgh4PC0gxTSNfzANBglghkgBZQMEAgEFAKBpMBgGCSqGSIb3DQEJAzELBgkqhkiG9w0BBwEwHAYJKoZIhvcNAQkFMQ8XDTIyMTAxMDA2NTgyN1owLwYJKoZIhvcNAQkEMSIEICNI9qWOUQ1SXQXNbnOMT5HDinpaosSdz13WyWX2XFLiMA0GCSqGSIb3DQEBAQUABIGARibpp/5rnoMDqO9rOSKFwx3m0bbYGgvkiJtDbHcRHTzErgvxqpYV0NLa9CpsCrzySCxiC2v5Xh4XhkalH6IABYWv+ZWRkh1aen8lshEYR1EAgs8llh3FmQ9xRGTJp1XkacRx3XI/s5dNNtWGEqoc1eX3cCXIG9WvO7Uoxc84b+I=\"\n    accept: standard\n  key-stash: B64:EAAAAGF5N3AwSHA4MGtXNm43Z0VhYmNkZWZnaGlqa2zpolze4Rgh9ZRrVSS221Id6aJc3uEYIfWUa1UktttSHVIhG/eeJxSP6aJc3uEYIfWUa1UktttSHVIhG/eeJxSPAroprsc8jYM=\n  admin:\n    dn: \"cn=root\"\n    pwd: \"passw0rd1\"\n  ssl:\n    \n    protocols:\n    - 'TLS13'\n  audit:\n    enabled: true\n    log-to-file: true\n    failure-only: false\n    operation:\n      add: true\n      bind: true\n      compare: true\n      delete: true\n      extended-op: true\n      extended-op-event: true\n      modify: true\n      modify-dn: true\n      search: true\n      unbind: true\n  pwd-encryption: \"pbkdf2-sha256\"\n  pwd-policy:\n    enabled: true\n    failure-count-interval: 0\n    lock-duration: 1800\n    lockout: true\n    min-length: 6\n    max-failures: 5\n    advanced:\n      no-spaces: true\n      no-user-id: true\n      login-attribute: uid\n      min-lowercase-chars: 1\n      min-uppercase-chars: 1\n      min-numeric-chars: 1\nadvanced:\n  - attr:\n    - name: ibm-slapdSetEnv\n      values:\n      - 'ibm-slapdPBKDFNumIterations=27500'\n    dn: cn=Front End, cn=Configuration\n  - attr:\n    - name: ibm-slapdUseNonFIPSCrypt\n      values:\n      - 'TRUE'\n    dn: cn=Configuration\n  - attr:\n    - name: ibm-slapdSetEnv\n      values:\n      - 'SLAPD_WORKERS=80'\n    dn: cn=Front End, cn=Configuration\n  - attr:\n    - name: ibm-slapdDbConnections\n      values:\n      - '80'\n    dn: cn=Directory,cn=RDBM Backends,cn=IBM Directory,cn=Schemas,cn=Configuration\nserver:\n  suffixes:\n  - dn: dc=labtest\n    object-classes:\n    - domain\n  - dn: cn=ibmpolicies\n    object-classes:\n    - container\n  - dn: secAuthority=Default\n    object-classes:\n    - secAuthorityInfo\n    attributes:\n    - secAuthority=Default\n    - version=6.0\n      \n  replication:\n    admin:\n      dn: \"cn=replcred\"\n      pwd: \"passw0rd2\""
            },
            "id": "svd-terraform/server-config",
            "immutable": false,
            "metadata": [
              {
                "annotations": null,
                "generate_name": "",
                "generation": 0,
                "labels": null,
                "name": "server-config",
                "namespace": "svd-terraform",
                "resource_version": "161330",
                "uid": "5be3850d-a771-483c-a381-f708927b26ca"
              }
            ]
          },
          "sensitive_attributes": [],
          "private": "bnVsbA==",
          "dependencies": [
            "module.secret.kubernetes_secret.svd-certificates",
            "module.secret.kubernetes_secret.svd-primary-secret"
          ]
        }
      ]
    },
    {
      "module": "module.deployment",
      "mode": "managed",
      "type": "kubernetes_deployment",
      "name": "svd-deployment",
      "provider": "provider[\"registry.terraform.io/hashicorp/kubernetes\"]",
      "instances": [
        {
          "schema_version": 1,
          "attributes": {
            "id": "svd-terraform/isvd-server",
            "metadata": [
              {
                "annotations": null,
                "generate_name": "",
                "generation": 1,
                "labels": {
                  "App": "isvd-server"
                },
                "name": "isvd-server",
                "namespace": "svd-terraform",
                "resource_version": "161361",
                "uid": "535d56c8-5a62-47b5-8c5a-b92cf26c2b25"
              }
            ],
            "spec": [
              {
                "min_ready_seconds": 0,
                "paused": false,
                "progress_deadline_seconds": 600,
                "replicas": "1",
                "revision_history_limit": 10,
                "selector": [
                  {
                    "match_expressions": [],
                    "match_labels": {
                      "App": "isvd-server"
                    }
                  }
                ],
                "strategy": [
                  {
                    "rolling_update": [
                      {
                        "max_surge": "25%",
                        "max_unavailable": "25%"
                      }
                    ],
                    "type": "RollingUpdate"
                  }
                ],
                "template": [
                  {
                    "metadata": [
                      {
                        "annotations": null,
                        "generate_name": "",
                        "generation": 0,
                        "labels": {
                          "App": "isvd-server"
                        },
                        "name": "isvd-server",
                        "namespace": "",
                        "resource_version": "",
                        "uid": ""
                      }
                    ],
                    "spec": [
                      {
                        "active_deadline_seconds": 0,
                        "affinity": [],
                        "automount_service_account_token": true,
                        "container": [
                          {
                            "args": null,
                            "command": null,
                            "env": [
                              {
                                "name": "YAML_CONFIG_FILE",
                                "value": "/var/isvd/config/config.yaml",
                                "value_from": []
                              }
                            ],
                            "env_from": [],
                            "image": "icr.io/isvd/verify-directory-server:latest",
                            "image_pull_policy": "Always",
                            "lifecycle": [],
                            "liveness_probe": [
                              {
                                "exec": [
                                  {
                                    "command": [
                                      "/sbin/health_check.sh",
                                      "livenessProbe"
                                    ]
                                  }
                                ],
                                "failure_threshold": 3,
                                "grpc": [],
                                "http_get": [],
                                "initial_delay_seconds": 5,
                                "period_seconds": 10,
                                "success_threshold": 1,
                                "tcp_socket": [],
                                "timeout_seconds": 1
                              }
                            ],
                            "name": "isvd-server",
                            "port": [
                              {
                                "container_port": 9636,
                                "host_ip": "",
                                "host_port": 0,
                                "name": "",
                                "protocol": "TCP"
                              }
                            ],
                            "readiness_probe": [
                              {
                                "exec": [
                                  {
                                    "command": [
                                      "/sbin/health_check.sh"
                                    ]
                                  }
                                ],
                                "failure_threshold": 3,
                                "grpc": [],
                                "http_get": [],
                                "initial_delay_seconds": 5,
                                "period_seconds": 10,
                                "success_threshold": 1,
                                "tcp_socket": [],
                                "timeout_seconds": 1
                              }
                            ],
                            "resources": [
                              {
                                "limits": {},
                                "requests": {}
                              }
                            ],
                            "security_context": [],
                            "startup_probe": [
                              {
                                "exec": [
                                  {
                                    "command": [
                                      "/sbin/health_check.sh"
                                    ]
                                  }
                                ],
                                "failure_threshold": 3,
                                "grpc": [],
                                "http_get": [],
                                "initial_delay_seconds": 5,
                                "period_seconds": 10,
                                "success_threshold": 1,
                                "tcp_socket": [],
                                "timeout_seconds": 1
                              }
                            ],
                            "stdin": false,
                            "stdin_once": false,
                            "termination_message_path": "/dev/termination-log",
                            "termination_message_policy": "File",
                            "tty": false,
                            "volume_device": [],
                            "volume_mount": [
                              {
                                "mount_path": "/var/isvd/config",
                                "mount_propagation": "None",
                                "name": "config-volume",
                                "read_only": false,
                                "sub_path": ""
                              },
                              {
                                "mount_path": "/var/isvd/data",
                                "mount_propagation": "None",
                                "name": "data-volume",
                                "read_only": false,
                                "sub_path": ""
                              }
                            ],
                            "working_dir": ""
                          }
                        ],
                        "dns_config": [],
                        "dns_policy": "ClusterFirst",
                        "enable_service_links": true,
                        "host_aliases": [],
                        "host_ipc": false,
                        "host_network": false,
                        "host_pid": false,
                        "hostname": "",
                        "image_pull_secrets": [],
                        "init_container": [],
                        "node_name": "",
                        "node_selector": null,
                        "os": [],
                        "priority_class_name": "",
                        "readiness_gate": [],
                        "restart_policy": "Always",
                        "runtime_class_name": "",
                        "scheduler_name": "default-scheduler",
                        "security_context": [],
                        "service_account_name": "isvdnew",
                        "share_process_namespace": false,
                        "subdomain": "",
                        "termination_grace_period_seconds": 30,
                        "toleration": [],
                        "topology_spread_constraint": [],
                        "volume": [
                          {
                            "aws_elastic_block_store": [],
                            "azure_disk": [],
                            "azure_file": [],
                            "ceph_fs": [],
                            "cinder": [],
                            "config_map": [
                              {
                                "default_mode": "0644",
                                "items": [],
                                "name": "server-config",
                                "optional": false
                              }
                            ],
                            "csi": [],
                            "downward_api": [],
                            "empty_dir": [],
                            "ephemeral": [],
                            "fc": [],
                            "flex_volume": [],
                            "flocker": [],
                            "gce_persistent_disk": [],
                            "git_repo": [],
                            "glusterfs": [],
                            "host_path": [],
                            "iscsi": [],
                            "local": [],
                            "name": "config-volume",
                            "nfs": [],
                            "persistent_volume_claim": [],
                            "photon_persistent_disk": [],
                            "projected": [],
                            "quobyte": [],
                            "rbd": [],
                            "secret": [],
                            "vsphere_volume": []
                          },
                          {
                            "aws_elastic_block_store": [],
                            "azure_disk": [],
                            "azure_file": [],
                            "ceph_fs": [],
                            "cinder": [],
                            "config_map": [],
                            "csi": [],
                            "downward_api": [],
                            "empty_dir": [],
                            "ephemeral": [],
                            "fc": [],
                            "flex_volume": [],
                            "flocker": [],
                            "gce_persistent_disk": [],
                            "git_repo": [],
                            "glusterfs": [],
                            "host_path": [],
                            "iscsi": [],
                            "local": [],
                            "name": "data-volume",
                            "nfs": [],
                            "persistent_volume_claim": [
                              {
                                "claim_name": "svd-claim-tf",
                                "read_only": false
                              }
                            ],
                            "photon_persistent_disk": [],
                            "projected": [],
                            "quobyte": [],
                            "rbd": [],
                            "secret": [],
                            "vsphere_volume": []
                          }
                        ]
                      }
                    ]
                  }
                ]
              }
            ],
            "timeouts": null,
            "wait_for_rollout": true
          },
          "sensitive_attributes": [],
          "private": "eyJlMmJmYjczMC1lY2FhLTExZTYtOGY4OC0zNDM2M2JjN2M0YzAiOnsiY3JlYXRlIjo2MDAwMDAwMDAwMDAsImRlbGV0ZSI6NjAwMDAwMDAwMDAwLCJ1cGRhdGUiOjYwMDAwMDAwMDAwMH0sInNjaGVtYV92ZXJzaW9uIjoiMSJ9",
          "dependencies": [
            "module.pvc.kubernetes_persistent_volume_claim.svd-claim"
          ]
        }
      ]
    },
    {
      "module": "module.pvc",
      "mode": "managed",
      "type": "kubernetes_persistent_volume_claim",
      "name": "svd-claim",
      "provider": "provider[\"registry.terraform.io/hashicorp/kubernetes\"]",
      "instances": [
        {
          "schema_version": 0,
          "attributes": {
            "id": "svd-terraform/svd-claim-tf",
            "metadata": [
              {
                "annotations": null,
                "generate_name": "",
                "generation": 0,
                "labels": null,
                "name": "svd-claim-tf",
                "namespace": "svd-terraform",
                "resource_version": "161328",
                "uid": "242c356a-9927-483b-af5f-040ca01b1c99"
              }
            ],
            "spec": [
              {
                "access_modes": [
                  "ReadWriteOnce"
                ],
                "resources": [
                  {
                    "limits": null,
                    "requests": {
                      "storage": "5Gi"
                    }
                  }
                ],
                "selector": [],
                "storage_class_name": "standard",
                "volume_mode": "Filesystem",
                "volume_name": "pvc-242c356a-9927-483b-af5f-040ca01b1c99"
              }
            ],
            "timeouts": null,
            "wait_until_bound": true
          },
          "sensitive_attributes": [],
          "private": "eyJlMmJmYjczMC1lY2FhLTExZTYtOGY4OC0zNDM2M2JjN2M0YzAiOnsiY3JlYXRlIjozMDAwMDAwMDAwMDB9fQ=="
        }
      ]
    },
    {
      "module": "module.role",
      "mode": "managed",
      "type": "kubernetes_role",
      "name": "view-secret",
      "provider": "provider[\"registry.terraform.io/hashicorp/kubernetes\"]",
      "instances": [
        {
          "schema_version": 0,
          "attributes": {
            "id": "svd-terraform/view-secret",
            "metadata": [
              {
                "annotations": null,
                "generate_name": "",
                "generation": 0,
                "labels": null,
                "name": "view-secret",
                "namespace": "svd-terraform",
                "resource_version": "161316",
                "uid": "5ba3a44d-9474-4c4d-bcb2-9e437335557a"
              }
            ],
            "rule": [
              {
                "api_groups": [
                  " "
                ],
                "resource_names": null,
                "resources": [
                  "secrets"
                ],
                "verbs": [
                  "get",
                  "list",
                  "watch"
                ]
              }
            ]
          },
          "sensitive_attributes": [],
          "private": "bnVsbA=="
        }
      ]
    },
    {
      "module": "module.role",
      "mode": "managed",
      "type": "kubernetes_role_binding",
      "name": "rolebinding",
      "provider": "provider[\"registry.terraform.io/hashicorp/kubernetes\"]",
      "instances": [
        {
          "schema_version": 0,
          "attributes": {
            "id": "svd-terraform/isvd-view-configmap-secret",
            "metadata": [
              {
                "annotations": null,
                "generate_name": "",
                "generation": 0,
                "labels": null,
                "name": "isvd-view-configmap-secret",
                "namespace": "svd-terraform",
                "resource_version": "161329",
                "uid": "5f4361a7-71ff-4af5-b9b4-20f4d047d7f5"
              }
            ],
            "role_ref": [
              {
                "api_group": "rbac.authorization.k8s.io",
                "kind": "Role",
                "name": "view-secret"
              }
            ],
            "subject": [
              {
                "api_group": "",
                "kind": "ServiceAccount",
                "name": "isvdnew",
                "namespace": "svd-terraform"
              }
            ]
          },
          "sensitive_attributes": [],
          "private": "bnVsbA==",
          "dependencies": [
            "module.role.kubernetes_role.view-secret",
            "module.role.kubernetes_service_account.isvdsa"
          ]
        }
      ]
    },
    {
      "module": "module.role",
      "mode": "managed",
      "type": "kubernetes_service_account",
      "name": "isvdsa",
      "provider": "provider[\"registry.terraform.io/hashicorp/kubernetes\"]",
      "instances": [
        {
          "schema_version": 0,
          "attributes": {
            "automount_service_account_token": true,
            "default_secret_name": "",
            "id": "svd-terraform/isvdnew",
            "image_pull_secret": [],
            "metadata": [
              {
                "annotations": null,
                "generate_name": "",
                "generation": 0,
                "labels": null,
                "name": "isvdnew",
                "namespace": "svd-terraform",
                "resource_version": "161318",
                "uid": "d39c9c6a-dbf3-47be-8f40-876907fe668a"
              }
            ],
            "secret": [],
            "timeouts": null
          },
          "sensitive_attributes": [],
          "private": "eyJlMmJmYjczMC1lY2FhLTExZTYtOGY4OC0zNDM2M2JjN2M0YzAiOnsiY3JlYXRlIjozMDAwMDAwMDAwMH19"
        }
      ]
    },
    {
      "module": "module.secret",
      "mode": "managed",
      "type": "kubernetes_secret",
      "name": "svd-certificates",
      "provider": "provider[\"registry.terraform.io/hashicorp/kubernetes\"]",
      "instances": [
        {
          "schema_version": 0,
          "attributes": {
            "binary_data": null,
            "binary_data_wo": null,
            "binary_data_wo_revision": null,
            "data": {
              "SVD-primary-server.pem": "-----BEGIN PRIVATE KEY-----\r\nMIIJQwIBADANBgkqhkiG9w0BAQEFAASCCS0wggkpAgEAAoICAQDqXDtTVpqcbAhK\r\nIVe5EAk19++pH3AF0z8O87UC51lR5rIttH44afHV4RoDBs4HFi35W6z/fj/CFJQC\r\nfRX8OUj6b/XSKmH/2V739JJeUar7JREsd7uvJENPocF00IntOHtdRKdKLCV25A0b\r\nua7IwsGv4RS8HTVYZR43rhE++UGPWW8Axvpw6Q6ohncwsyJ1ClLN5Pc20W01uRxW\r\nxeJWfknp0VLrv+Z1lAXVCxCihUOCwVERzfcnR4x3ahmR8pnOD83R/hkKy4PQEr/O\r\nrVfe7pzyukRSDi08hxt3efeZo7g4IINtQzP1cR4mSuSpckVPiuhBqkL75CVYUl/5\r\nnH61d+yGJ0foKISyDWlXgmiWhVwWg1M7Ky5jH2Jb5fCUCsD0yhnPfPs7+Lbfz1Lp\r\nkIggX0sh3tjYGcnpxUIiZAgN/S921zd1OAAby/jn0icVvXHx+YlO3I96nqTDRU/8\r\nuCVDtanBUwefkFLTuh3EKa/gznm2zffscq/zl/ArT2KozjM/AfLOQr56x2wNp/Mg\r\nefIXHkaOmGkgZJm7/ab98z6CeuWWykJsJuojUUbOSGmxa8djJA6JDi04qInfjKjp\r\n6NeXmVbGi8s6PE7pHWBUwgEQQVAz13Xjh53/uNn7haPS6uh7BuYExZqFlDzWWGCT\r\nwai3x4rhdtxGkYSqL8gd2hEJ4DGI+QIDAQABAoICAE3olFY7i5Flfon6NJnSYWV+\r\nAz9zMn/VPni/fpS1COXnraLxBibF3X2u48FO0U3cyzLCjauvsg1YXu3G3HipKIAM\r\nmSkhKsvtXJtMRB4zwwXTSDbCpPNvuCqwSMoHC1r/dE9Io95N97Ri0pK9cwPNbqsD\r\nxatVgGbe0qFK7fPD084OOo8FFrtTVqqibNwVKObEpEtLCv2/uDDsVSXpibkcKYEf\r\ns5OoiznaF+g/UevdJljA4CztjfSSXflSnaZ9gjDU4ySkdnm2tx6EJRxVVslHBIjS\r\ncCThDpu5BGH++1cpbHPIJzi65vp4fL/ZFNPZp33uXRB7Q+JN8TY/yCUIJ7023TsG\r\nwKq8c/Ok7tz36aR1F05xq/GOTQ4fiaXz9md8xDHDF8sup8yIa2em1cjs2szNyJCu\r\nFSxiIPP1uY6IPcsRe6mDGcAIuEpXJRktLASwKej7MCnCAvB2K4OyZX6YlD81rFh7\r\n+XrhHNpPSIiGR+wxxuVFGQd4aKXguegyvX1nzBgEOzGgaLZOsWnE6y5BM9qSVBqQ\r\nKVRG4DCplH4wVFTWtbmuAX7eHKxyYGXKO7L2jbzQPaxuPC13od1ZlcC3b2X0OQWJ\r\ntkpeIuXlB97SDukOtAigSXz+PObyL7MyGqGKNHkVAlKNPn+IFbsD8hIyWXrOhJ9V\r\nY3w9V93PnZv+hb7zmaiDAoIBAQDs2ceh1PsNMEi+6kP1aSfi/gs2VJLY7UFCU1yD\r\nHYwO2MEG236Bj/0C+L2pPhARBZDukhrQDAIBv1qgR4s9xKmZJ2Oh7BRa+tA8sSLB\r\nfjKbk8mn/ReUrFbHXnXOLkqW2wtMJalhJpswrsS3PkzcfyV/gBB7DrNDw84sXHux\r\nvXZW0YKthND2TEVEUozmY0PrVzdwsqaGxYIPCRwbOY27KOdAyx1agkdehSkqOPnk\r\neGnCGR8tVEqHktoZ7ag38FsMNJp1scdFKGvboCOGSHnKDtUcNAefLguf2A5yCPbH\r\nKRX2yrh5Z3dF1rqMQBLhwAvYxENeWZH4glD7ytI/GQJDzrqvAoIBAQD9TugI4Omg\r\n+V2ljVjPjn7GSDBP3LqDLKa222mPnt4DwN/ClAIPyk9B6OmJHPU7WurExC5gTfPP\r\nyLExy+esrC/WQDVfV1EnAcQnIMux0Vc12m+xt5PCu+GmfGevtsh/hjoUd28tUD4a\r\n3TyHHPyymhooVyy6fz+GfzR6jPUZezt70IrVhnqg39rtabk837wpAPeiDyawXftL\r\nHrFYnY50li5SLyrw3F6ZrzNm5WB/C6zhx5RDWAOj3caYjIWQoqUX2OHGKdoI7nOH\r\nQdGM92juhVMYRaUthmaFoeE2AxoT8XW4JPBDC5hFxV+tZg7nEZQq5cgG4xkr3Ueu\r\n9tHPmhjtSUDXAoIBAC2XMgUloPmF7MrK/y/TAPmBmxjnKKkW6jPhJfKbEmWdNXKj\r\nd3NrCvGyfZeBOch9AMvbVcvsM8qwUbp+awAFxfuUCGqXrcdhdgnost758rXdubhb\r\nUFmu3rlbpmN8p6DoIwGSUktACilRys3W8SaUVtx3AzUcvEbz/tCtMKYi6Q+HHpdV\r\n9H8kaUTgevyx6NX5INPRn5pblFBemYloB68aDYF8V3cfkqtQCH93HirrPrg867Jn\r\nAj2cd9z70SCLZIsx6PV0tf3K7RAGgDAN7VuGhWD7ZuguDdDD3uv2a8IkV3T8youb\r\n7eqEjb4Ha1sHA4DDLpCPvzhNpVcCUHwSzUvOFEMCggEBAKS9Mo7Dp223f73xZTbn\r\nV2+g9zqZNPumiG4X2Fk9WupZ/6xOEeEvE8irr2Yq3RpTEKgTZo3fZJdX0FWwZOWZ\r\nviq663ssEG0r6uP/ojntCajOfSG5YHGfOyvJcK2IVHELXK5+1mFD9IAILhs5MOb+\r\n7dAakc5gf3H7PKgPEEAYMyFdCU3A/fOuYnVQ8tWyNG7+YA6Xh/Pfy1SZi4E0Rrdw\r\nDIQKhQTMbQHKPcXHm7BEaZUU9Umu7f8edtAzY5IjFPejZ4I3KcPxQFVQ6vWg2i91\r\nqgr5EGnBJN/33b4A2m7p9ENkUpVn7wpBSO4+l6aTeidD9Yj1HSO376zMfLtlXpzD\r\nrVUCggEBAIwk5ycsLZFGSH/jdSyJ6tvfPBIIHYOSSTxhKQoZ6+0rwujklviL/JZF\r\nE5WlVK+arPRHRgbwVEl+f/l+U2ecV2GQ7gqHdfOihyqFxYsWs6moqpqimaXfMJ7d\r\nhabm7y5Rm9p6+tjFhTHiL+vwcQ2kVfw+oMQn0+T8sf150eIGk3YTr2o1+oBXgSRL\r\nSlwwomxE8JOQ0hpZRm2OEjnskzk0NBJj43mmHfenlJ0Ctkt1sPClGHQOnEZjsYVr\r\nyXnHKAg7KDu4dVCcIj3C7fWLRnTSPA1mUvhZmgpZktCJriRvaznAK1lccjBDUPEv\r\n/9pGIETfyaf6c9AzPazTIU6rqk3HhQc=\r\n-----END PRIVATE KEY-----\r\n-----BEGIN CERTIFICATE-----\r\nMIIFjTCCA3WgAwIBAgIUL4nhZmCBPOvUPJp03X4dj/ZKPxMwDQYJKoZIhvcNAQEL\r\nBQAwVjELMAkGA1UEBhMCSU4xFTATBgNVBAcMDERlZmF1bHQgQ2l0eTEcMBoGA1UE\r\nCgwTRGVmYXVsdCBDb21wYW55IEx0ZDESMBAGA1UEAwwJc2Rzc2VydmVyMB4XDTI0\r\nMDcyNjEyMDYyMloXDTI1MDcyNjEyMDYyMlowVjELMAkGA1UEBhMCSU4xFTATBgNV\r\nBAcMDERlZmF1bHQgQ2l0eTEcMBoGA1UECgwTRGVmYXVsdCBDb21wYW55IEx0ZDES\r\nMBAGA1UEAwwJc2Rzc2VydmVyMIICIjANBgkqhkiG9w0BAQEFAAOCAg8AMIICCgKC\r\nAgEA6lw7U1aanGwISiFXuRAJNffvqR9wBdM/DvO1AudZUeayLbR+OGnx1eEaAwbO\r\nBxYt+Vus/34/whSUAn0V/DlI+m/10iph/9le9/SSXlGq+yURLHe7ryRDT6HBdNCJ\r\n7Th7XUSnSiwlduQNG7muyMLBr+EUvB01WGUeN64RPvlBj1lvAMb6cOkOqIZ3MLMi\r\ndQpSzeT3NtFtNbkcVsXiVn5J6dFS67/mdZQF1QsQooVDgsFREc33J0eMd2oZkfKZ\r\nzg/N0f4ZCsuD0BK/zq1X3u6c8rpEUg4tPIcbd3n3maO4OCCDbUMz9XEeJkrkqXJF\r\nT4roQapC++QlWFJf+Zx+tXfshidH6CiEsg1pV4JoloVcFoNTOysuYx9iW+XwlArA\r\n9MoZz3z7O/i2389S6ZCIIF9LId7Y2BnJ6cVCImQIDf0vdtc3dTgAG8v459InFb1x\r\n8fmJTtyPep6kw0VP/LglQ7WpwVMHn5BS07odxCmv4M55ts337HKv85fwK09iqM4z\r\nPwHyzkK+esdsDafzIHnyFx5GjphpIGSZu/2m/fM+gnrllspCbCbqI1FGzkhpsWvH\r\nYyQOiQ4tOKiJ34yo6ejXl5lWxovLOjxO6R1gVMIBEEFQM9d144ed/7jZ+4Wj0uro\r\newbmBMWahZQ81lhgk8Got8eK4XbcRpGEqi/IHdoRCeAxiPkCAwEAAaNTMFEwHQYD\r\nVR0OBBYEFLtJL4F7sNQbO012Crr9OH3VR8NwMB8GA1UdIwQYMBaAFLtJL4F7sNQb\r\nO012Crr9OH3VR8NwMA8GA1UdEwEB/wQFMAMBAf8wDQYJKoZIhvcNAQELBQADggIB\r\nAKdk5iTCtheRntKEpnxxUv5dATq9/szr/U/dJ+ffadZkkauRwo8HAdA1aSmYSmDt\r\nOCW+1L6MUco4kOlVS03LRRlcWm+muwFFXPCV3isksUaZv4DySQ55kS9x/0Jb3jtJ\r\nUBa9Q6OynLCeOt+nOIEkzOkWIms20YPCkK93jhaLQnX4AsRMGtSNJRvY1JkIo2SP\r\ncAdrCahFPXthBkfZS84abuFN4pdINZcVVXPfXrbYqhulH4du9/kHsSPB1dkT6RgD\r\nGwEhB5+noiPZqu0F0l43xY7IljFEiXj0aXESHXryFPQ3qjrIFLsecAVrcQ8zhwQU\r\n0+CS6GgCYYfayYQnwWAZKnImG8hdHRjUF9c2Gdp+IRbwiS8UpGPIoNjcAahTV5ai\r\nL7qFZ98qrEPaat8MNSMIJ9ZxTcuXMs5NHnxldJWbLqEm5iIgA0XZdKrhqATnV18R\r\nVKl+GHwTnbWh5lZYrxGwB8ShGPD3k/NocCfxtK48OzKcbF+oTj+cwelXV9nTGbXr\r\ndkjTNsPQY5TKkWqyYWxg+axNCB/1AdXAq6sgb/D1nAvotaWtbj2uo1Z9SJ3fJoQg\r\nfGg4peNNf4JN1vP9tlGNFYsaepBoisrxc+AEmrBtBB46qEYsENVtgYeDqTswmczH\r\nua7FlGMudXAdv1Bfr9DpdOe4QV3183SyxT4Wy+JEb4wl\r\n-----END CERTIFICATE-----"
            },
            "data_wo": null,
            "data_wo_revision": null,
            "id": "svd-terraform/svd-certificates",
            "immutable": false,
            "metadata": [
              {
                "annotations": null,
                "generate_name": "",
                "generation": 0,
                "labels": null,
                "name": "svd-certificates",
                "namespace": "svd-terraform",
                "resource_version": "161319",
                "uid": "3ceff94f-ad54-4cc6-b059-4b9550c8c3d8"
              }
            ],
            "timeouts": null,
            "type": "Opaque",
            "wait_for_service_account_token": true
          },
          "sensitive_attributes": [],
          "private": "eyJlMmJmYjczMC1lY2FhLTExZTYtOGY4OC0zNDM2M2JjN2M0YzAiOnsiY3JlYXRlIjo2MDAwMDAwMDAwMH19"
        }
      ]
    },
    {
      "module": "module.secret",
      "mode": "managed",
      "type": "kubernetes_secret",
      "name": "svd-primary-secret",
      "provider": "provider[\"registry.terraform.io/hashicorp/kubernetes\"]",
      "instances": [
        {
          "schema_version": 0,
          "attributes": {
            "binary_data": null,
            "binary_data_wo": null,
            "binary_data_wo_revision": null,
            "data": {
              "adminDn": "cn=root",
              "adminPassword": "passw0rd1",
              "licenseKey": "R2VuZXJpYzotMToxOjCCAacGCSqGSIb3DQEHAqCCAZgwggGUAgEBMQ8wDQYJYIZIAWUDBAIBBQAwGwYJKoZIhvcNAQcBoA4EDEdlbmVyaWM6LTE6MaAAMYIBXTCCAVkCAQEwSDA8MQswCQYDVQQGEwJ1czEMMAoGA1UEChMDaWJtMQ0wCwYDVQQLEwRpc3ZhMRAwDgYDVQQDEwdzaWduaW5nAgh4PC0gxTSNfzANBglghkgBZQMEAgEFAKBpMBgGCSqGSIb3DQEJAzELBgkqhkiG9w0BBwEwHAYJKoZIhvcNAQkFMQ8XDTIyMTAxMDA2NTgyN1owLwYJKoZIhvcNAQkEMSIEICNI9qWOUQ1SXQXNbnOMT5HDinpaosSdz13WyWX2XFLiMA0GCSqGSIb3DQEBAQUABIGARibpp/5rnoMDqO9rOSKFwx3m0bbYGgvkiJtDbHcRHTzErgvxqpYV0NLa9CpsCrzySCxiC2v5Xh4XhkalH6IABYWv+ZWRkh1aen8lshEYR1EAgs8llh3FmQ9xRGTJp1XkacRx3XI/s5dNNtWGEqoc1eX3cCXIG9WvO7Uoxc84b+I=",
              "replicaAdminDn": "cn=replcred",
              "replicaAdminPassword": "passw0rd2"
            },
            "data_wo": null,
            "data_wo_revision": null,
            "id": "svd-terraform/svd-primary-secret",
            "immutable": false,
            "metadata": [
              {
                "annotations": null,
                "generate_name": "",
                "generation": 0,
                "labels": null,
                "name": "svd-primary-secret",
                "namespace": "svd-terraform",
                "resource_version": "161317",
                "uid": "df9413ea-ec8e-46bc-9331-add106222560"
              }
            ],
            "timeouts": null,
            "type": "Opaque",
            "wait_for_service_account_token": true
          },
          "sensitive_attributes": [],
          "private": "eyJlMmJmYjczMC1lY2FhLTExZTYtOGY4OC0zNDM2M2JjN2M0YzAiOnsiY3JlYXRlIjo2MDAwMDAwMDAwMH19"
        }
      ]
    },
    {
      "module": "module.service",
      "mode": "managed",
      "type": "kubernetes_service",
      "name": "isvd-server",
      "provider": "provider[\"registry.terraform.io/hashicorp/kubernetes\"]",
      "instances": [
        {
          "schema_version": 1,
          "attributes": {
            "id": "svd-terraform/isvd-server",
            "metadata": [
              {
                "annotations": null,
                "generate_name": "",
                "generation": 0,
                "labels": null,
                "name": "isvd-server",
                "namespace": "svd-terraform",
                "resource_version": "161367",
                "uid": "8a565bae-655d-49a2-9fdf-61b76cafbef9"
              }
            ],
            "spec": [
              {
                "allocate_load_balancer_node_ports": true,
                "cluster_ip": "10.104.94.141",
                "cluster_ips": [
                  "10.104.94.141"
                ],
                "external_ips": null,
                "external_name": "",
                "external_traffic_policy": "",
                "health_check_node_port": 0,
                "internal_traffic_policy": "Cluster",
                "ip_families": [
                  "IPv4"
                ],
                "ip_family_policy": "SingleStack",
                "load_balancer_class": "",
                "load_balancer_ip": "",
                "load_balancer_source_ranges": null,
                "port": [
                  {
                    "app_protocol": "",
                    "name": "isvd-server",
                    "node_port": 0,
                    "port": 9636,
                    "protocol": "TCP",
                    "target_port": "9636"
                  },
                  {
                    "app_protocol": "",
                    "name": "isvd-server-nonssl",
                    "node_port": 0,
                    "port": 9389,
                    "protocol": "TCP",
                    "target_port": "9389"
                  }
                ],
                "publish_not_ready_addresses": false,
                "selector": {
                  "App": "isvd-server"
                },
                "session_affinity": "None",
                "session_affinity_config": [],
                "type": "ClusterIP"
              }
            ],
            "status": [
              {
                "load_balancer": [
                  {
                    "ingress": []
                  }
                ]
              }
            ],
            "timeouts": null,
            "wait_for_load_balancer": true
          },
          "sensitive_attributes": [],
          "private": "eyJlMmJmYjczMC1lY2FhLTExZTYtOGY4OC0zNDM2M2JjN2M0YzAiOnsiY3JlYXRlIjo2MDAwMDAwMDAwMDB9LCJzY2hlbWFfdmVyc2lvbiI6IjEifQ==",
          "dependencies": [
            "module.deployment.kubernetes_deployment.svd-deployment",
            "module.pvc.kubernetes_persistent_volume_claim.svd-claim"
          ]
        }
      ]
    }
  ],
  "check_results": null
}
